
Microsoft Visual Studio Solution File, Format Version 12.00
# Visual Studio Version 17
VisualStudioVersion = 17.12.35527.113
MinimumVisualStudioVersion = 10.0.40219.1
Project("{FAE04EC0-301F-11D3-BF4B-00C04F79EFBC}") = "ModularMonolit.Api", "ModularMonolit\ModularMonolit.Api.csproj", "{A355C41F-5A4E-46C2-9C3E-1F6984187409}"
EndProject
Project("{2150E333-8FDC-42A3-9474-1A3956D46DE8}") = "Docker", "Docker", "{CB84DD43-AC51-4141-8308-1641D3E68050}"
	ProjectSection(SolutionItems) = preProject
		.dockerignore = .dockerignore
		dockerfile = dockerfile
	EndProjectSection
EndProject
Project("{2150E333-8FDC-42A3-9474-1A3956D46DE8}") = "Shared", "Shared", "{F96F9D76-6461-4C6E-AC7C-7361ABC4B153}"
	ProjectSection(SolutionItems) = preProject
		Shared\README.md = Shared\README.md
	EndProjectSection
EndProject
Project("{FAE04EC0-301F-11D3-BF4B-00C04F79EFBC}") = "Shared.Abstractions", "Shared\Shared.Abstractions\Shared.Abstractions.csproj", "{886A3A72-6934-48D3-AB93-85EFB54A2F3F}"
EndProject
Project("{FAE04EC0-301F-11D3-BF4B-00C04F79EFBC}") = "Shared.Events", "Shared\Shared.Events\Shared.Events.csproj", "{8D75BA10-2C20-4F4D-9206-FFD4F3F52741}"
EndProject
Project("{FAE04EC0-301F-11D3-BF4B-00C04F79EFBC}") = "Shared.Extensions", "Shared\Shared.Extensions\Shared.Extensions.csproj", "{44543647-8EBA-4E1C-BF15-FA652D9DD20C}"
EndProject
Project("{FAE04EC0-301F-11D3-BF4B-00C04F79EFBC}") = "Shared.Infrastructure", "Shared\Shared.Infrastructure\Shared.Infrastructure.csproj", "{A8E89C4B-215F-4DFF-A1DA-A93B123BBAFB}"
EndProject
Project("{FAE04EC0-301F-11D3-BF4B-00C04F79EFBC}") = "Shared.Outbox", "Shared\Shared.Outbox\Shared.Outbox.csproj", "{CCCFD14F-3356-41B7-A278-22FD2E85B0EF}"
EndProject
Project("{2150E333-8FDC-42A3-9474-1A3956D46DE8}") = "Moduls", "Moduls", "{5F4838EB-9C9A-4689-901B-DFE5B8A4FC80}"
EndProject
Project("{2150E333-8FDC-42A3-9474-1A3956D46DE8}") = "Users", "Users", "{DC4F6C7F-4935-47E1-BF89-CAA1FBA4ED39}"
	ProjectSection(SolutionItems) = preProject
		Moduls\Users\README.md = Moduls\Users\README.md
	EndProjectSection
EndProject
Project("{FAE04EC0-301F-11D3-BF4B-00C04F79EFBC}") = "Users.Application", "Moduls\Users\Users.Application\Users.Application.csproj", "{11A81F04-A1CF-47FB-BEF7-8C4E2BBB50D1}"
EndProject
Project("{FAE04EC0-301F-11D3-BF4B-00C04F79EFBC}") = "Users.Contracts", "Moduls\Users\Users.Contracts\Users.Contracts.csproj", "{8430C0AF-F695-48B3-B323-8ADDA9389429}"
EndProject
Project("{FAE04EC0-301F-11D3-BF4B-00C04F79EFBC}") = "Users.Infrastructure", "Moduls\Users\Users.Infrastructure\Users.Infrastructure.csproj", "{2B4EA6B6-36E0-4BBD-B5E6-2F030C4D39D5}"
EndProject
Project("{FAE04EC0-301F-11D3-BF4B-00C04F79EFBC}") = "Users.Presentation", "Moduls\Users\Users.Presentation\Users.Presentation.csproj", "{0256D89E-4740-4264-B3F3-7EEFDD5CC004}"
EndProject
Project("{FAE04EC0-301F-11D3-BF4B-00C04F79EFBC}") = "Users.Domain", "Moduls\Users\Users.Domain\Users.Domain.csproj", "{3F1CDFDD-B579-450A-AC5E-98CA84345F48}"
EndProject
Project("{2150E333-8FDC-42A3-9474-1A3956D46DE8}") = "Orders", "Orders", "{045A6699-E20A-42F7-9262-BBEC816EADDF}"
	ProjectSection(SolutionItems) = preProject
		Moduls\Orders\README.MD = Moduls\Orders\README.MD
	EndProjectSection
EndProject
Project("{FAE04EC0-301F-11D3-BF4B-00C04F79EFBC}") = "Orders.Domain", "Moduls\Orders\Orders.Domain\Orders.Domain.csproj", "{42EFAA52-980C-4CDD-931A-6FA4A458A28B}"
EndProject
Project("{FAE04EC0-301F-11D3-BF4B-00C04F79EFBC}") = "Orders.Infrastructure", "Moduls\Orders\Orders.Infrastructure\Orders.Infrastructure.csproj", "{998A5AC9-9AD8-4E79-8262-4BDB1959B01D}"
EndProject
Project("{FAE04EC0-301F-11D3-BF4B-00C04F79EFBC}") = "Orders.Application", "Moduls\Orders\Orders.Application\Orders.Application.csproj", "{12790637-CC23-42BE-B545-887E687AFD83}"
EndProject
Project("{FAE04EC0-301F-11D3-BF4B-00C04F79EFBC}") = "Orders.Presentation", "Moduls\Orders\Orders.Presentation\Orders.Presentation.csproj", "{AAA142BF-A2EB-4E98-8A5C-6E0F0B16D98B}"
EndProject
Global
	GlobalSection(SolutionConfigurationPlatforms) = preSolution
		Debug|Any CPU = Debug|Any CPU
		Release|Any CPU = Release|Any CPU
	EndGlobalSection
	GlobalSection(ProjectConfigurationPlatforms) = postSolution
		{A355C41F-5A4E-46C2-9C3E-1F6984187409}.Debug|Any CPU.ActiveCfg = Debug|Any CPU
		{A355C41F-5A4E-46C2-9C3E-1F6984187409}.Debug|Any CPU.Build.0 = Debug|Any CPU
		{A355C41F-5A4E-46C2-9C3E-1F6984187409}.Release|Any CPU.ActiveCfg = Release|Any CPU
		{A355C41F-5A4E-46C2-9C3E-1F6984187409}.Release|Any CPU.Build.0 = Release|Any CPU
		{886A3A72-6934-48D3-AB93-85EFB54A2F3F}.Debug|Any CPU.ActiveCfg = Debug|Any CPU
		{886A3A72-6934-48D3-AB93-85EFB54A2F3F}.Debug|Any CPU.Build.0 = Debug|Any CPU
		{886A3A72-6934-48D3-AB93-85EFB54A2F3F}.Release|Any CPU.ActiveCfg = Release|Any CPU
		{886A3A72-6934-48D3-AB93-85EFB54A2F3F}.Release|Any CPU.Build.0 = Release|Any CPU
		{8D75BA10-2C20-4F4D-9206-FFD4F3F52741}.Debug|Any CPU.ActiveCfg = Debug|Any CPU
		{8D75BA10-2C20-4F4D-9206-FFD4F3F52741}.Debug|Any CPU.Build.0 = Debug|Any CPU
		{8D75BA10-2C20-4F4D-9206-FFD4F3F52741}.Release|Any CPU.ActiveCfg = Release|Any CPU
		{8D75BA10-2C20-4F4D-9206-FFD4F3F52741}.Release|Any CPU.Build.0 = Release|Any CPU
		{44543647-8EBA-4E1C-BF15-FA652D9DD20C}.Debug|Any CPU.ActiveCfg = Debug|Any CPU
		{44543647-8EBA-4E1C-BF15-FA652D9DD20C}.Debug|Any CPU.Build.0 = Debug|Any CPU
		{44543647-8EBA-4E1C-BF15-FA652D9DD20C}.Release|Any CPU.ActiveCfg = Release|Any CPU
		{44543647-8EBA-4E1C-BF15-FA652D9DD20C}.Release|Any CPU.Build.0 = Release|Any CPU
		{A8E89C4B-215F-4DFF-A1DA-A93B123BBAFB}.Debug|Any CPU.ActiveCfg = Debug|Any CPU
		{A8E89C4B-215F-4DFF-A1DA-A93B123BBAFB}.Debug|Any CPU.Build.0 = Debug|Any CPU
		{A8E89C4B-215F-4DFF-A1DA-A93B123BBAFB}.Release|Any CPU.ActiveCfg = Release|Any CPU
		{A8E89C4B-215F-4DFF-A1DA-A93B123BBAFB}.Release|Any CPU.Build.0 = Release|Any CPU
		{CCCFD14F-3356-41B7-A278-22FD2E85B0EF}.Debug|Any CPU.ActiveCfg = Debug|Any CPU
		{CCCFD14F-3356-41B7-A278-22FD2E85B0EF}.Debug|Any CPU.Build.0 = Debug|Any CPU
		{CCCFD14F-3356-41B7-A278-22FD2E85B0EF}.Release|Any CPU.ActiveCfg = Release|Any CPU
		{CCCFD14F-3356-41B7-A278-22FD2E85B0EF}.Release|Any CPU.Build.0 = Release|Any CPU
		{11A81F04-A1CF-47FB-BEF7-8C4E2BBB50D1}.Debug|Any CPU.ActiveCfg = Debug|Any CPU
		{11A81F04-A1CF-47FB-BEF7-8C4E2BBB50D1}.Debug|Any CPU.Build.0 = Debug|Any CPU
		{11A81F04-A1CF-47FB-BEF7-8C4E2BBB50D1}.Release|Any CPU.ActiveCfg = Release|Any CPU
		{11A81F04-A1CF-47FB-BEF7-8C4E2BBB50D1}.Release|Any CPU.Build.0 = Release|Any CPU
		{8430C0AF-F695-48B3-B323-8ADDA9389429}.Debug|Any CPU.ActiveCfg = Debug|Any CPU
		{8430C0AF-F695-48B3-B323-8ADDA9389429}.Debug|Any CPU.Build.0 = Debug|Any CPU
		{8430C0AF-F695-48B3-B323-8ADDA9389429}.Release|Any CPU.ActiveCfg = Release|Any CPU
		{8430C0AF-F695-48B3-B323-8ADDA9389429}.Release|Any CPU.Build.0 = Release|Any CPU
		{2B4EA6B6-36E0-4BBD-B5E6-2F030C4D39D5}.Debug|Any CPU.ActiveCfg = Debug|Any CPU
		{2B4EA6B6-36E0-4BBD-B5E6-2F030C4D39D5}.Debug|Any CPU.Build.0 = Debug|Any CPU
		{2B4EA6B6-36E0-4BBD-B5E6-2F030C4D39D5}.Release|Any CPU.ActiveCfg = Release|Any CPU
		{2B4EA6B6-36E0-4BBD-B5E6-2F030C4D39D5}.Release|Any CPU.Build.0 = Release|Any CPU
		{0256D89E-4740-4264-B3F3-7EEFDD5CC004}.Debug|Any CPU.ActiveCfg = Debug|Any CPU
		{0256D89E-4740-4264-B3F3-7EEFDD5CC004}.Debug|Any CPU.Build.0 = Debug|Any CPU
		{0256D89E-4740-4264-B3F3-7EEFDD5CC004}.Release|Any CPU.ActiveCfg = Release|Any CPU
		{0256D89E-4740-4264-B3F3-7EEFDD5CC004}.Release|Any CPU.Build.0 = Release|Any CPU
		{3F1CDFDD-B579-450A-AC5E-98CA84345F48}.Debug|Any CPU.ActiveCfg = Debug|Any CPU
		{3F1CDFDD-B579-450A-AC5E-98CA84345F48}.Debug|Any CPU.Build.0 = Debug|Any CPU
		{3F1CDFDD-B579-450A-AC5E-98CA84345F48}.Release|Any CPU.ActiveCfg = Release|Any CPU
		{3F1CDFDD-B579-450A-AC5E-98CA84345F48}.Release|Any CPU.Build.0 = Release|Any CPU
		{42EFAA52-980C-4CDD-931A-6FA4A458A28B}.Debug|Any CPU.ActiveCfg = Debug|Any CPU
		{42EFAA52-980C-4CDD-931A-6FA4A458A28B}.Debug|Any CPU.Build.0 = Debug|Any CPU
		{42EFAA52-980C-4CDD-931A-6FA4A458A28B}.Release|Any CPU.ActiveCfg = Release|Any CPU
		{42EFAA52-980C-4CDD-931A-6FA4A458A28B}.Release|Any CPU.Build.0 = Release|Any CPU
		{998A5AC9-9AD8-4E79-8262-4BDB1959B01D}.Debug|Any CPU.ActiveCfg = Debug|Any CPU
		{998A5AC9-9AD8-4E79-8262-4BDB1959B01D}.Debug|Any CPU.Build.0 = Debug|Any CPU
		{998A5AC9-9AD8-4E79-8262-4BDB1959B01D}.Release|Any CPU.ActiveCfg = Release|Any CPU
		{998A5AC9-9AD8-4E79-8262-4BDB1959B01D}.Release|Any CPU.Build.0 = Release|Any CPU
		{12790637-CC23-42BE-B545-887E687AFD83}.Debug|Any CPU.ActiveCfg = Debug|Any CPU
		{12790637-CC23-42BE-B545-887E687AFD83}.Debug|Any CPU.Build.0 = Debug|Any CPU
		{12790637-CC23-42BE-B545-887E687AFD83}.Release|Any CPU.ActiveCfg = Release|Any CPU
		{12790637-CC23-42BE-B545-887E687AFD83}.Release|Any CPU.Build.0 = Release|Any CPU
		{AAA142BF-A2EB-4E98-8A5C-6E0F0B16D98B}.Debug|Any CPU.ActiveCfg = Debug|Any CPU
		{AAA142BF-A2EB-4E98-8A5C-6E0F0B16D98B}.Debug|Any CPU.Build.0 = Debug|Any CPU
		{AAA142BF-A2EB-4E98-8A5C-6E0F0B16D98B}.Release|Any CPU.ActiveCfg = Release|Any CPU
		{AAA142BF-A2EB-4E98-8A5C-6E0F0B16D98B}.Release|Any CPU.Build.0 = Release|Any CPU
	EndGlobalSection
	GlobalSection(SolutionProperties) = preSolution
		HideSolutionNode = FALSE
	EndGlobalSection
	GlobalSection(NestedProjects) = preSolution
		{886A3A72-6934-48D3-AB93-85EFB54A2F3F} = {F96F9D76-6461-4C6E-AC7C-7361ABC4B153}
		{8D75BA10-2C20-4F4D-9206-FFD4F3F52741} = {F96F9D76-6461-4C6E-AC7C-7361ABC4B153}
		{44543647-8EBA-4E1C-BF15-FA652D9DD20C} = {F96F9D76-6461-4C6E-AC7C-7361ABC4B153}
		{A8E89C4B-215F-4DFF-A1DA-A93B123BBAFB} = {F96F9D76-6461-4C6E-AC7C-7361ABC4B153}
		{CCCFD14F-3356-41B7-A278-22FD2E85B0EF} = {F96F9D76-6461-4C6E-AC7C-7361ABC4B153}
		{DC4F6C7F-4935-47E1-BF89-CAA1FBA4ED39} = {5F4838EB-9C9A-4689-901B-DFE5B8A4FC80}
		{11A81F04-A1CF-47FB-BEF7-8C4E2BBB50D1} = {DC4F6C7F-4935-47E1-BF89-CAA1FBA4ED39}
		{8430C0AF-F695-48B3-B323-8ADDA9389429} = {DC4F6C7F-4935-47E1-BF89-CAA1FBA4ED39}
		{2B4EA6B6-36E0-4BBD-B5E6-2F030C4D39D5} = {DC4F6C7F-4935-47E1-BF89-CAA1FBA4ED39}
		{0256D89E-4740-4264-B3F3-7EEFDD5CC004} = {DC4F6C7F-4935-47E1-BF89-CAA1FBA4ED39}
		{3F1CDFDD-B579-450A-AC5E-98CA84345F48} = {DC4F6C7F-4935-47E1-BF89-CAA1FBA4ED39}
		{045A6699-E20A-42F7-9262-BBEC816EADDF} = {5F4838EB-9C9A-4689-901B-DFE5B8A4FC80}
		{42EFAA52-980C-4CDD-931A-6FA4A458A28B} = {045A6699-E20A-42F7-9262-BBEC816EADDF}
		{998A5AC9-9AD8-4E79-8262-4BDB1959B01D} = {045A6699-E20A-42F7-9262-BBEC816EADDF}
		{12790637-CC23-42BE-B545-887E687AFD83} = {045A6699-E20A-42F7-9262-BBEC816EADDF}
		{AAA142BF-A2EB-4E98-8A5C-6E0F0B16D98B} = {045A6699-E20A-42F7-9262-BBEC816EADDF}
	EndGlobalSection
EndGlobal
